
Microsoft Visual Studio Solution File, Format Version 12.00
# Visual Studio Version 17
VisualStudioVersion = 17.6.33829.357
MinimumVisualStudioVersion = 10.0.40219.1
Project("{FAE04EC0-301F-11D3-BF4B-00C04F79EFBC}") = "LB_12", "LB_12\LB_12.csproj", "{BF6683F1-DCBD-4349-9BE5-EB58636E8E61}"
EndProject
Global
	GlobalSection(SolutionConfigurationPlatforms) = preSolution
		Debug|Any CPU = Debug|Any CPU
		Release|Any CPU = Release|Any CPU
	EndGlobalSection
	GlobalSection(ProjectConfigurationPlatforms) = postSolution
		{BF6683F1-DCBD-4349-9BE5-EB58636E8E61}.Debug|Any CPU.ActiveCfg = Debug|Any CPU
		{BF6683F1-DCBD-4349-9BE5-EB58636E8E61}.Debug|Any CPU.Build.0 = Debug|Any CPU
		{BF6683F1-DCBD-4349-9BE5-EB58636E8E61}.Release|Any CPU.ActiveCfg = Release|Any CPU
		{BF6683F1-DCBD-4349-9BE5-EB58636E8E61}.Release|Any CPU.Build.0 = Release|Any CPU
	EndGlobalSection
	GlobalSection(SolutionProperties) = preSolution
		HideSolutionNode = FALSE
	EndGlobalSection
	GlobalSection(ExtensibilityGlobals) = postSolution
		SolutionGuid = {19AB6212-CB74-45E5-B648-5B297B9D8A38}
	EndGlobalSection
EndGlobal
