
Microsoft Visual Studio Solution File, Format Version 12.00
# Visual Studio Version 17
VisualStudioVersion = 17.6.33829.357
MinimumVisualStudioVersion = 10.0.40219.1
Project("{FAE04EC0-301F-11D3-BF4B-00C04F79EFBC}") = "LB_4_z2", "LB_4_z2\LB_4_z2.csproj", "{F4415B63-3D63-4C87-99B4-FE8DA5F6050D}"
EndProject
Global
	GlobalSection(SolutionConfigurationPlatforms) = preSolution
		Debug|Any CPU = Debug|Any CPU
		Release|Any CPU = Release|Any CPU
	EndGlobalSection
	GlobalSection(ProjectConfigurationPlatforms) = postSolution
		{F4415B63-3D63-4C87-99B4-FE8DA5F6050D}.Debug|Any CPU.ActiveCfg = Debug|Any CPU
		{F4415B63-3D63-4C87-99B4-FE8DA5F6050D}.Debug|Any CPU.Build.0 = Debug|Any CPU
		{F4415B63-3D63-4C87-99B4-FE8DA5F6050D}.Release|Any CPU.ActiveCfg = Release|Any CPU
		{F4415B63-3D63-4C87-99B4-FE8DA5F6050D}.Release|Any CPU.Build.0 = Release|Any CPU
	EndGlobalSection
	GlobalSection(SolutionProperties) = preSolution
		HideSolutionNode = FALSE
	EndGlobalSection
	GlobalSection(ExtensibilityGlobals) = postSolution
		SolutionGuid = {74CEBD29-A6F6-4B8B-8C18-81576A4BA4E5}
	EndGlobalSection
EndGlobal
