
Microsoft Visual Studio Solution File, Format Version 12.00
# Visual Studio Version 17
VisualStudioVersion = 17.6.33829.357
MinimumVisualStudioVersion = 10.0.40219.1
Project("{FAE04EC0-301F-11D3-BF4B-00C04F79EFBC}") = "LB_12_z2", "LB_12_z2\LB_12_z2.csproj", "{631BD486-5BA5-45F7-813E-76CF2512BAF2}"
EndProject
Global
	GlobalSection(SolutionConfigurationPlatforms) = preSolution
		Debug|Any CPU = Debug|Any CPU
		Release|Any CPU = Release|Any CPU
	EndGlobalSection
	GlobalSection(ProjectConfigurationPlatforms) = postSolution
		{631BD486-5BA5-45F7-813E-76CF2512BAF2}.Debug|Any CPU.ActiveCfg = Debug|Any CPU
		{631BD486-5BA5-45F7-813E-76CF2512BAF2}.Debug|Any CPU.Build.0 = Debug|Any CPU
		{631BD486-5BA5-45F7-813E-76CF2512BAF2}.Release|Any CPU.ActiveCfg = Release|Any CPU
		{631BD486-5BA5-45F7-813E-76CF2512BAF2}.Release|Any CPU.Build.0 = Release|Any CPU
	EndGlobalSection
	GlobalSection(SolutionProperties) = preSolution
		HideSolutionNode = FALSE
	EndGlobalSection
	GlobalSection(ExtensibilityGlobals) = postSolution
		SolutionGuid = {D5EF6CDE-5119-44F8-9FA6-F2676C7C1772}
	EndGlobalSection
EndGlobal
