
Microsoft Visual Studio Solution File, Format Version 12.00
# Visual Studio Version 17
VisualStudioVersion = 17.6.33829.357
MinimumVisualStudioVersion = 10.0.40219.1
Project("{FAE04EC0-301F-11D3-BF4B-00C04F79EFBC}") = "LB_6_oz_1", "LB_6_oz_1\LB_6_oz_1.csproj", "{DCB9F7DF-6B3B-47FE-B272-59B45A1197E5}"
EndProject
Global
	GlobalSection(SolutionConfigurationPlatforms) = preSolution
		Debug|Any CPU = Debug|Any CPU
		Release|Any CPU = Release|Any CPU
	EndGlobalSection
	GlobalSection(ProjectConfigurationPlatforms) = postSolution
		{DCB9F7DF-6B3B-47FE-B272-59B45A1197E5}.Debug|Any CPU.ActiveCfg = Debug|Any CPU
		{DCB9F7DF-6B3B-47FE-B272-59B45A1197E5}.Debug|Any CPU.Build.0 = Debug|Any CPU
		{DCB9F7DF-6B3B-47FE-B272-59B45A1197E5}.Release|Any CPU.ActiveCfg = Release|Any CPU
		{DCB9F7DF-6B3B-47FE-B272-59B45A1197E5}.Release|Any CPU.Build.0 = Release|Any CPU
	EndGlobalSection
	GlobalSection(SolutionProperties) = preSolution
		HideSolutionNode = FALSE
	EndGlobalSection
	GlobalSection(ExtensibilityGlobals) = postSolution
		SolutionGuid = {C5A6B120-D554-4372-A8CC-0053F6ADC2C1}
	EndGlobalSection
EndGlobal
